{
  "originHash" : "4dd757918c16d82721f8b17f4fb01823b1f4aabe2cf2d72b877c76b3d0d59880",
  "pins" : [
    {
      "identity" : "hastings",
      "kind" : "remoteSourceControl",
      "location" : "https://github.com/gistya/hastings",
      "state" : {
        "revision" : "925ddd30f854062dce744b42d17a50d93bfd4abd",
        "version" : "0.8.0"
      }
    },
    {
      "identity" : "viceroy",
      "kind" : "remoteSourceControl",
      "location" : "https://github.com/gistya/viceroy.git",
      "state" : {
        "revision" : "d85168048c0e844dd96e747522a36299a87b7642",
        "version" : "1.0.0"
      }
    }
  ],
  "version" : 3
}
